{
  "requires": true,
  "lockfileVersion": 1,
  "dependencies": {
    "@seregpie/three.text-sprite": {
      "version": "3.2.0",
      "resolved": "https://registry.npmjs.org/@seregpie/three.text-sprite/-/three.text-sprite-3.2.0.tgz",
      "integrity": "sha512-ozQq7JFKGCltCvT3DG5SC77WnSJfZhYpSabhp+I1iZ9tTMxiPJqyEscmcMC+Rdxy1eYCBmZKGKBBcMLLrd5GuA==",
      "requires": {
        "@seregpie/three.text-texture": "^3.2.0"
      }
    },
    "@seregpie/three.text-texture": {
      "version": "3.2.1",
      "resolved": "https://registry.npmjs.org/@seregpie/three.text-texture/-/three.text-texture-3.2.1.tgz",
      "integrity": "sha512-+rBfu63PolUyg6WB56SxYIIGGw7BMiFMeoj6AcxGooGs1apnudu024EMY/6dr1KnpIa9lNIwSgJETeaclgT/BQ=="
    }
  }
}
